{
  "name": "fix-that-comment",
  "version": "0.0.1",
  "lockfileVersion": 3,
  "requires": true,
  "packages": {
    "": {
      "name": "fix-that-comment",
      "version": "0.0.1",
      "license": "MIT",
      "dependencies": {
        "parse-diff": "^0.11.1",
        "simple-git": "^3.32.3"
      },
      "devDependencies": {
        "@types/node": "^25.3.5",
        "@typescript/native-preview": "^7.0.0-dev.20260316.1"
      }
    },
    "node_modules/@kwsites/file-exists": {
      "version": "1.1.1",
      "resolved": "https://registry.npmjs.org/@kwsites/file-exists/-/file-exists-1.1.1.tgz",
      "integrity": "sha512-m9/5YGR18lIwxSFDwfE3oA7bWuq9kdau6ugN4H2rJeyhFQZcG9AgSHkQtSD15a8WvTgfz9aikZMrKPHvbpqFiw==",
      "license": "MIT",
      "dependencies": {
        "debug": "^4.1.1"
      }
    },
    "node_modules/@kwsites/promise-deferred": {
      "version": "1.1.1",
      "resolved": "https://registry.npmjs.org/@kwsites/promise-deferred/-/promise-deferred-1.1.1.tgz",
      "integrity": "sha512-GaHYm+c0O9MjZRu0ongGBRbinu8gVAMd2UZjji6jVmqKtZluZnptXGWhz1E8j8D2HJ3f/yMxKAUC0b+57wncIw==",
      "license": "MIT"
    },
    "node_modules/@types/node": {
      "version": "25.3.5",
      "resolved": "https://registry.npmjs.org/@types/node/-/node-25.3.5.tgz",
      "integrity": "sha512-oX8xrhvpiyRCQkG1MFchB09f+cXftgIXb3a7UUa4Y3wpmZPw5tyZGTLWhlESOLq1Rq6oDlc8npVU2/9xiCuXMA==",
      "dev": true,
      "license": "MIT",
      "dependencies": {
        "undici-types": "~7.18.0"
      }
    },
    "node_modules/@typescript/native-preview": {
      "version": "7.0.0-dev.20260316.1",
      "resolved": "https://registry.npmjs.org/@typescript/native-preview/-/native-preview-7.0.0-dev.20260316.1.tgz",
      "integrity": "sha512-s+QGNx+3zxTZBuZw3oNOFlHqpbmg0cTgBd/b6SRZ5mo3vFChkhflYqRW2IvTvU9a3PPX3bQAkQ/gWbDZCmNC3Q==",
      "dev": true,
      "license": "Apache-2.0",
      "bin": {
        "tsgo": "bin/tsgo.js"
      },
      "optionalDependencies": {
        "@typescript/native-preview-darwin-arm64": "7.0.0-dev.20260316.1",
        "@typescript/native-preview-darwin-x64": "7.0.0-dev.20260316.1",
        "@typescript/native-preview-linux-arm": "7.0.0-dev.20260316.1",
        "@typescript/native-preview-linux-arm64": "7.0.0-dev.20260316.1",
        "@typescript/native-preview-linux-x64": "7.0.0-dev.20260316.1",
        "@typescript/native-preview-win32-arm64": "7.0.0-dev.20260316.1",
        "@typescript/native-preview-win32-x64": "7.0.0-dev.20260316.1"
      }
    },
    "node_modules/@typescript/native-preview-darwin-arm64": {
      "version": "7.0.0-dev.20260316.1",
      "resolved": "https://registry.npmjs.org/@typescript/native-preview-darwin-arm64/-/native-preview-darwin-arm64-7.0.0-dev.20260316.1.tgz",
      "integrity": "sha512-TjeMEMabLsc5VNYy8WVlu1oHBVqibwSbkIRSyqANFxyD6iWnCFquDvliwErVo8TFIu0c8C+C+tgFSvYkhVZMMw==",
      "cpu": [
        "arm64"
      ],
      "dev": true,
      "license": "Apache-2.0",
      "optional": true,
      "os": [
        "darwin"
      ]
    },
    "node_modules/@typescript/native-preview-darwin-x64": {
      "version": "7.0.0-dev.20260316.1",
      "resolved": "https://registry.npmjs.org/@typescript/native-preview-darwin-x64/-/native-preview-darwin-x64-7.0.0-dev.20260316.1.tgz",
      "integrity": "sha512-Lv/JmtMfNbMJiIEZlByQ5zSR1t9WoE8rFuZxU0vpiyfUEjSbuBMG8pt+Ryqj6uiylR3XThlV3EaVYsJ7Um6n8w==",
      "cpu": [
        "x64"
      ],
      "dev": true,
      "license": "Apache-2.0",
      "optional": true,
      "os": [
        "darwin"
      ]
    },
    "node_modules/@typescript/native-preview-linux-arm": {
      "version": "7.0.0-dev.20260316.1",
      "resolved": "https://registry.npmjs.org/@typescript/native-preview-linux-arm/-/native-preview-linux-arm-7.0.0-dev.20260316.1.tgz",
      "integrity": "sha512-vItkqjOuVY9OfqdovSyEjnAbNMM+QGM9AqzGRknX1nZjGlWXsUTL3IPuv5by69SOqw5TLi8ddx82cyu6F3ZRVQ==",
      "cpu": [
        "arm"
      ],
      "dev": true,
      "license": "Apache-2.0",
      "optional": true,
      "os": [
        "linux"
      ]
    },
    "node_modules/@typescript/native-preview-linux-arm64": {
      "version": "7.0.0-dev.20260316.1",
      "resolved": "https://registry.npmjs.org/@typescript/native-preview-linux-arm64/-/native-preview-linux-arm64-7.0.0-dev.20260316.1.tgz",
      "integrity": "sha512-xA4DekkAesjnWyp8p0iF79Rf0q2NVszxedd9M2Ztb0WBSDQFiECVYJSQMFd4+FKNiSq9DnadPy68Dly+B1r17A==",
      "cpu": [
        "arm64"
      ],
      "dev": true,
      "license": "Apache-2.0",
      "optional": true,
      "os": [
        "linux"
      ]
    },
    "node_modules/@typescript/native-preview-linux-x64": {
      "version": "7.0.0-dev.20260316.1",
      "resolved": "https://registry.npmjs.org/@typescript/native-preview-linux-x64/-/native-preview-linux-x64-7.0.0-dev.20260316.1.tgz",
      "integrity": "sha512-osY+4HCIpi9Bu4jNz49k8BVOB9A04BG6mWF7WltmAQWBIAeosa4n/qtKokfAZDTD5/moHSn20p7hZAlGI8JWjw==",
      "cpu": [
        "x64"
      ],
      "dev": true,
      "license": "Apache-2.0",
      "optional": true,
      "os": [
        "linux"
      ]
    },
    "node_modules/@typescript/native-preview-win32-arm64": {
      "version": "7.0.0-dev.20260316.1",
      "resolved": "https://registry.npmjs.org/@typescript/native-preview-win32-arm64/-/native-preview-win32-arm64-7.0.0-dev.20260316.1.tgz",
      "integrity": "sha512-DcWceiTXClIakJhk0+8KjQ+pBp435HaA6uw9EtDTo75uWUEPVf9D489KKbylRChci/paYX8uPKlROo9+6N8M9g==",
      "cpu": [
        "arm64"
      ],
      "dev": true,
      "license": "Apache-2.0",
      "optional": true,
      "os": [
        "win32"
      ]
    },
    "node_modules/@typescript/native-preview-win32-x64": {
      "version": "7.0.0-dev.20260316.1",
      "resolved": "https://registry.npmjs.org/@typescript/native-preview-win32-x64/-/native-preview-win32-x64-7.0.0-dev.20260316.1.tgz",
      "integrity": "sha512-LvpV1hyQS0U9yMLHgWexhC7oSeBpcNbIJtYC6Iyvu63Mb6J/cP0k2fQmnAVB2yesMMQFtuY6v2YIx17vE0Ymfw==",
      "cpu": [
        "x64"
      ],
      "dev": true,
      "license": "Apache-2.0",
      "optional": true,
      "os": [
        "win32"
      ]
    },
    "node_modules/debug": {
      "version": "4.4.3",
      "resolved": "https://registry.npmjs.org/debug/-/debug-4.4.3.tgz",
      "integrity": "sha512-RGwwWnwQvkVfavKVt22FGLw+xYSdzARwm0ru6DhTVA3umU5hZc28V3kO4stgYryrTlLpuvgI9GiijltAjNbcqA==",
      "license": "MIT",
      "dependencies": {
        "ms": "^2.1.3"
      },
      "engines": {
        "node": ">=6.0"
      },
      "peerDependenciesMeta": {
        "supports-color": {
          "optional": true
        }
      }
    },
    "node_modules/ms": {
      "version": "2.1.3",
      "resolved": "https://registry.npmjs.org/ms/-/ms-2.1.3.tgz",
      "integrity": "sha512-6FlzubTLZG3J2a/NVCAleEhjzq5oxgHyaCU9yYXvcLsvoVaHJq/s5xXI6/XXP6tz7R9xAOtHnSO/tXtF3WRTlA==",
      "license": "MIT"
    },
    "node_modules/parse-diff": {
      "version": "0.11.1",
      "resolved": "https://registry.npmjs.org/parse-diff/-/parse-diff-0.11.1.tgz",
      "integrity": "sha512-Oq4j8LAOPOcssanQkIjxosjATBIEJhCxMCxPhMu+Ci4wdNmAEdx0O+a7gzbR2PyKXgKPvRLIN5g224+dJAsKHA==",
      "license": "MIT"
    },
    "node_modules/simple-git": {
      "version": "3.32.3",
      "resolved": "https://registry.npmjs.org/simple-git/-/simple-git-3.32.3.tgz",
      "integrity": "sha512-56a5oxFdWlsGygOXHWrG+xjj5w9ZIt2uQbzqiIGdR/6i5iococ7WQ/bNPzWxCJdEUGUCmyMH0t9zMpRJTaKxmw==",
      "license": "MIT",
      "dependencies": {
        "@kwsites/file-exists": "^1.1.1",
        "@kwsites/promise-deferred": "^1.1.1",
        "debug": "^4.4.0"
      },
      "funding": {
        "type": "github",
        "url": "https://github.com/steveukx/git-js?sponsor=1"
      }
    },
    "node_modules/undici-types": {
      "version": "7.18.2",
      "resolved": "https://registry.npmjs.org/undici-types/-/undici-types-7.18.2.tgz",
      "integrity": "sha512-AsuCzffGHJybSaRrmr5eHr81mwJU3kjw6M+uprWvCXiNeN9SOGwQ3Jn8jb8m3Z6izVgknn1R0FTCEAP2QrLY/w==",
      "dev": true,
      "license": "MIT"
    }
  }
}
